// !$*UTF8*$!
{
	archiveVersion = 1;
	classes = {
	};
	objectVersion = 50;
	objects = {

/* Begin PBXBuildFile section */
		DAB0C29625710A9F00BF3BC4 /* libglfw.3.3.dylib in Frameworks */ = {isa = PBXBuildFile; fileRef = DAB0C29525710A9F00BF3BC4 /* libglfw.3.3.dylib */; };
		DAB0C2982574970400BF3BC4 /* glad.c in Sources */ = {isa = PBXBuildFile; fileRef = DAB0C2972574970400BF3BC4 /* glad.c */; };
		DAB0C29D2577B6FF00BF3BC4 /* shader.vs in Resources */ = {isa = PBXBuildFile; fileRef = DAB0C29C2577B6FF00BF3BC4 /* shader.vs */; };
		DAB0C29F2577B70A00BF3BC4 /* shader.fs in Resources */ = {isa = PBXBuildFile; fileRef = DAB0C29E2577B70A00BF3BC4 /* shader.fs */; };
		DAB0C2A3257A034000BF3BC4 /* wall.jpg in Resources */ = {isa = PBXBuildFile; fileRef = DAB0C2A2257A034000BF3BC4 /* wall.jpg */; };
		DAB0C2A5257A533D00BF3BC4 /* 1.png in Resources */ = {isa = PBXBuildFile; fileRef = DAB0C2A4257A533D00BF3BC4 /* 1.png */; };
		DACC14712551621E00D13D04 /* AppDelegate.m in Sources */ = {isa = PBXBuildFile; fileRef = DACC14702551621E00D13D04 /* AppDelegate.m */; };
		DACC14762551622000D13D04 /* Assets.xcassets in Resources */ = {isa = PBXBuildFile; fileRef = DACC14752551622000D13D04 /* Assets.xcassets */; };
		DACC1498255280DE00D13D04 /* OpenGL.framework in Frameworks */ = {isa = PBXBuildFile; fileRef = DACC1497255280DE00D13D04 /* OpenGL.framework */; };
		DACC149A255280E400D13D04 /* GLUT.framework in Frameworks */ = {isa = PBXBuildFile; fileRef = DACC1499255280E400D13D04 /* GLUT.framework */; };
		DACC149D255CDFFE00D13D04 /* main.mm in Sources */ = {isa = PBXBuildFile; fileRef = DACC149C255CDFFE00D13D04 /* main.mm */; };
/* End PBXBuildFile section */

/* Begin PBXFileReference section */
		DAB0C29525710A9F00BF3BC4 /* libglfw.3.3.dylib */ = {isa = PBXFileReference; lastKnownFileType = "compiled.mach-o.dylib"; name = libglfw.3.3.dylib; path = ../../../../../usr/local/Cellar/glfw/3.3.2/lib/libglfw.3.3.dylib; sourceTree = "<group>"; };
		DAB0C2972574970400BF3BC4 /* glad.c */ = {isa = PBXFileReference; fileEncoding = 4; lastKnownFileType = sourcecode.c.c; path = glad.c; sourceTree = "<group>"; };
		DAB0C29A2577994C00BF3BC4 /* Shader.h */ = {isa = PBXFileReference; lastKnownFileType = sourcecode.c.h; path = Shader.h; sourceTree = "<group>"; };
		DAB0C29C2577B6FF00BF3BC4 /* shader.vs */ = {isa = PBXFileReference; lastKnownFileType = sourcecode.glsl; path = shader.vs; sourceTree = "<group>"; };
		DAB0C29E2577B70A00BF3BC4 /* shader.fs */ = {isa = PBXFileReference; lastKnownFileType = sourcecode.glsl; path = shader.fs; sourceTree = "<group>"; };
		DAB0C2A025788E8B00BF3BC4 /* Texture.h */ = {isa = PBXFileReference; lastKnownFileType = sourcecode.c.h; path = Texture.h; sourceTree = "<group>"; };
		DAB0C2A12579E1B100BF3BC4 /* stb_image.h */ = {isa = PBXFileReference; lastKnownFileType = sourcecode.c.h; path = stb_image.h; sourceTree = "<group>"; };
		DAB0C2A2257A034000BF3BC4 /* wall.jpg */ = {isa = PBXFileReference; lastKnownFileType = image.jpeg; path = wall.jpg; sourceTree = "<group>"; };
		DAB0C2A4257A533D00BF3BC4 /* 1.png */ = {isa = PBXFileReference; lastKnownFileType = image.png; path = 1.png; sourceTree = "<group>"; };
		DACC146C2551621E00D13D04 /* OpenGLTest.app */ = {isa = PBXFileReference; explicitFileType = wrapper.application; includeInIndex = 0; path = OpenGLTest.app; sourceTree = BUILT_PRODUCTS_DIR; };
		DACC146F2551621E00D13D04 /* AppDelegate.h */ = {isa = PBXFileReference; lastKnownFileType = sourcecode.c.h; path = AppDelegate.h; sourceTree = "<group>"; };
		DACC14702551621E00D13D04 /* AppDelegate.m */ = {isa = PBXFileReference; lastKnownFileType = sourcecode.c.objc; path = AppDelegate.m; sourceTree = "<group>"; };
		DACC14752551622000D13D04 /* Assets.xcassets */ = {isa = PBXFileReference; lastKnownFileType = folder.assetcatalog; path = Assets.xcassets; sourceTree = "<group>"; };
		DACC147A2551622000D13D04 /* Info.plist */ = {isa = PBXFileReference; lastKnownFileType = text.plist.xml; path = Info.plist; sourceTree = "<group>"; };
		DACC147D2551622000D13D04 /* OpenGLTest.entitlements */ = {isa = PBXFileReference; lastKnownFileType = text.plist.entitlements; path = OpenGLTest.entitlements; sourceTree = "<group>"; };
		DACC1497255280DE00D13D04 /* OpenGL.framework */ = {isa = PBXFileReference; lastKnownFileType = wrapper.framework; name = OpenGL.framework; path = System/Library/Frameworks/OpenGL.framework; sourceTree = SDKROOT; };
		DACC1499255280E400D13D04 /* GLUT.framework */ = {isa = PBXFileReference; lastKnownFileType = wrapper.framework; name = GLUT.framework; path = System/Library/Frameworks/GLUT.framework; sourceTree = SDKROOT; };
		DACC149C255CDFFE00D13D04 /* main.mm */ = {isa = PBXFileReference; lastKnownFileType = sourcecode.cpp.objcpp; path = main.mm; sourceTree = "<group>"; };
/* End PBXFileReference section */

/* Begin PBXFrameworksBuildPhase section */
		DACC14692551621E00D13D04 /* Frameworks */ = {
			isa = PBXFrameworksBuildPhase;
			buildActionMask = 2147483647;
			files = (
				DAB0C29625710A9F00BF3BC4 /* libglfw.3.3.dylib in Frameworks */,
				DACC149A255280E400D13D04 /* GLUT.framework in Frameworks */,
				DACC1498255280DE00D13D04 /* OpenGL.framework in Frameworks */,
			);
			runOnlyForDeploymentPostprocessing = 0;
		};
/* End PBXFrameworksBuildPhase section */

/* Begin PBXGroup section */
		DACC14632551621E00D13D04 = {
			isa = PBXGroup;
			children = (
				DACC146E2551621E00D13D04 /* OpenGLTest */,
				DACC146D2551621E00D13D04 /* Products */,
				DACC1496255280DE00D13D04 /* Frameworks */,
			);
			sourceTree = "<group>";
		};
		DACC146D2551621E00D13D04 /* Products */ = {
			isa = PBXGroup;
			children = (
				DACC146C2551621E00D13D04 /* OpenGLTest.app */,
			);
			name = Products;
			sourceTree = "<group>";
		};
		DACC146E2551621E00D13D04 /* OpenGLTest */ = {
			isa = PBXGroup;
			children = (
				DAB0C2A4257A533D00BF3BC4 /* 1.png */,
				DAB0C2A2257A034000BF3BC4 /* wall.jpg */,
				DAB0C2A12579E1B100BF3BC4 /* stb_image.h */,
				DAB0C2972574970400BF3BC4 /* glad.c */,
				DACC146F2551621E00D13D04 /* AppDelegate.h */,
				DACC14702551621E00D13D04 /* AppDelegate.m */,
				DACC14752551622000D13D04 /* Assets.xcassets */,
				DACC147A2551622000D13D04 /* Info.plist */,
				DACC149C255CDFFE00D13D04 /* main.mm */,
				DAB0C29C2577B6FF00BF3BC4 /* shader.vs */,
				DAB0C29E2577B70A00BF3BC4 /* shader.fs */,
				DACC147D2551622000D13D04 /* OpenGLTest.entitlements */,
				DAB0C29A2577994C00BF3BC4 /* Shader.h */,
				DAB0C2A025788E8B00BF3BC4 /* Texture.h */,
			);
			path = OpenGLTest;
			sourceTree = "<group>";
		};
		DACC1496255280DE00D13D04 /* Frameworks */ = {
			isa = PBXGroup;
			children = (
				DAB0C29525710A9F00BF3BC4 /* libglfw.3.3.dylib */,
				DACC1499255280E400D13D04 /* GLUT.framework */,
				DACC1497255280DE00D13D04 /* OpenGL.framework */,
			);
			name = Frameworks;
			sourceTree = "<group>";
		};
/* End PBXGroup section */

/* Begin PBXNativeTarget section */
		DACC146B2551621E00D13D04 /* OpenGLTest */ = {
			isa = PBXNativeTarget;
			buildConfigurationList = DACC14802551622000D13D04 /* Build configuration list for PBXNativeTarget "OpenGLTest" */;
			buildPhases = (
				DACC14682551621E00D13D04 /* Sources */,
				DACC14692551621E00D13D04 /* Frameworks */,
				DACC146A2551621E00D13D04 /* Resources */,
			);
			buildRules = (
			);
			dependencies = (
			);
			name = OpenGLTest;
			productName = OpenGLTest;
			productReference = DACC146C2551621E00D13D04 /* OpenGLTest.app */;
			productType = "com.apple.product-type.application";
		};
/* End PBXNativeTarget section */

/* Begin PBXProject section */
		DACC14642551621E00D13D04 /* Project object */ = {
			isa = PBXProject;
			attributes = {
				LastUpgradeCheck = 1150;
				ORGANIZATIONNAME = Lenz;
				TargetAttributes = {
					DACC146B2551621E00D13D04 = {
						CreatedOnToolsVersion = 11.5;
					};
				};
			};
			buildConfigurationList = DACC14672551621E00D13D04 /* Build configuration list for PBXProject "OpenGLTest" */;
			compatibilityVersion = "Xcode 9.3";
			developmentRegion = en;
			hasScannedForEncodings = 0;
			knownRegions = (
				en,
				Base,
			);
			mainGroup = DACC14632551621E00D13D04;
			productRefGroup = DACC146D2551621E00D13D04 /* Products */;
			projectDirPath = "";
			projectRoot = "";
			targets = (
				DACC146B2551621E00D13D04 /* OpenGLTest */,
			);
		};
/* End PBXProject section */

/* Begin PBXResourcesBuildPhase section */
		DACC146A2551621E00D13D04 /* Resources */ = {
			isa = PBXResourcesBuildPhase;
			buildActionMask = 2147483647;
			files = (
				DACC14762551622000D13D04 /* Assets.xcassets in Resources */,
				DAB0C29F2577B70A00BF3BC4 /* shader.fs in Resources */,
				DAB0C29D2577B6FF00BF3BC4 /* shader.vs in Resources */,
				DAB0C2A3257A034000BF3BC4 /* wall.jpg in Resources */,
				DAB0C2A5257A533D00BF3BC4 /* 1.png in Resources */,
			);
			runOnlyForDeploymentPostprocessing = 0;
		};
/* End PBXResourcesBuildPhase section */

/* Begin PBXSourcesBuildPhase section */
		DACC14682551621E00D13D04 /* Sources */ = {
			isa = PBXSourcesBuildPhase;
			buildActionMask = 2147483647;
			files = (
				DACC149D255CDFFE00D13D04 /* main.mm in Sources */,
				DACC14712551621E00D13D04 /* AppDelegate.m in Sources */,
				DAB0C2982574970400BF3BC4 /* glad.c in Sources */,
			);
			runOnlyForDeploymentPostprocessing = 0;
		};
/* End PBXSourcesBuildPhase section */

/* Begin XCBuildConfiguration section */
		DACC147E2551622000D13D04 /* Debug */ = {
			isa = XCBuildConfiguration;
			buildSettings = {
				ALWAYS_SEARCH_USER_PATHS = NO;
				CLANG_ANALYZER_NONNULL = YES;
				CLANG_ANALYZER_NUMBER_OBJECT_CONVERSION = YES_AGGRESSIVE;
				CLANG_CXX_LANGUAGE_STANDARD = "gnu++14";
				CLANG_CXX_LIBRARY = "libc++";
				CLANG_ENABLE_MODULES = YES;
				CLANG_ENABLE_OBJC_ARC = YES;
				CLANG_ENABLE_OBJC_WEAK = YES;
				CLANG_WARN_BLOCK_CAPTURE_AUTORELEASING = YES;
				CLANG_WARN_BOOL_CONVERSION = YES;
				CLANG_WARN_COMMA = YES;
				CLANG_WARN_CONSTANT_CONVERSION = YES;
				CLANG_WARN_DEPRECATED_OBJC_IMPLEMENTATIONS = YES;
				CLANG_WARN_DIRECT_OBJC_ISA_USAGE = YES_ERROR;
				CLANG_WARN_DOCUMENTATION_COMMENTS = YES;
				CLANG_WARN_EMPTY_BODY = YES;
				CLANG_WARN_ENUM_CONVERSION = YES;
				CLANG_WARN_INFINITE_RECURSION = YES;
				CLANG_WARN_INT_CONVERSION = YES;
				CLANG_WARN_NON_LITERAL_NULL_CONVERSION = YES;
				CLANG_WARN_OBJC_IMPLICIT_RETAIN_SELF = YES;
				CLANG_WARN_OBJC_LITERAL_CONVERSION = YES;
				CLANG_WARN_OBJC_ROOT_CLASS = YES_ERROR;
				CLANG_WARN_RANGE_LOOP_ANALYSIS = YES;
				CLANG_WARN_STRICT_PROTOTYPES = YES;
				CLANG_WARN_SUSPICIOUS_MOVE = YES;
				CLANG_WARN_UNGUARDED_AVAILABILITY = YES_AGGRESSIVE;
				CLANG_WARN_UNREACHABLE_CODE = YES;
				CLANG_WARN__DUPLICATE_METHOD_MATCH = YES;
				COPY_PHASE_STRIP = NO;
				DEBUG_INFORMATION_FORMAT = dwarf;
				ENABLE_STRICT_OBJC_MSGSEND = YES;
				ENABLE_TESTABILITY = YES;
				GCC_C_LANGUAGE_STANDARD = gnu11;
				GCC_DYNAMIC_NO_PIC = NO;
				GCC_NO_COMMON_BLOCKS = YES;
				GCC_OPTIMIZATION_LEVEL = 0;
				GCC_PREPROCESSOR_DEFINITIONS = (
					"DEBUG=1",
					"$(inherited)",
				);
				GCC_WARN_64_TO_32_BIT_CONVERSION = YES;
				GCC_WARN_ABOUT_RETURN_TYPE = YES_ERROR;
				GCC_WARN_UNDECLARED_SELECTOR = YES;
				GCC_WARN_UNINITIALIZED_AUTOS = YES_AGGRESSIVE;
				GCC_WARN_UNUSED_FUNCTION = YES;
				GCC_WARN_UNUSED_VARIABLE = YES;
				MACOSX_DEPLOYMENT_TARGET = 10.14;
				MTL_ENABLE_DEBUG_INFO = INCLUDE_SOURCE;
				MTL_FAST_MATH = YES;
				ONLY_ACTIVE_ARCH = YES;
				SDKROOT = macosx;
			};
			name = Debug;
		};
		DACC147F2551622000D13D04 /* Release */ = {
			isa = XCBuildConfiguration;
			buildSettings = {
				ALWAYS_SEARCH_USER_PATHS = NO;
				CLANG_ANALYZER_NONNULL = YES;
				CLANG_ANALYZER_NUMBER_OBJECT_CONVERSION = YES_AGGRESSIVE;
				CLANG_CXX_LANGUAGE_STANDARD = "gnu++14";
				CLANG_CXX_LIBRARY = "libc++";
				CLANG_ENABLE_MODULES = YES;
				CLANG_ENABLE_OBJC_ARC = YES;
				CLANG_ENABLE_OBJC_WEAK = YES;
				CLANG_WARN_BLOCK_CAPTURE_AUTORELEASING = YES;
				CLANG_WARN_BOOL_CONVERSION = YES;
				CLANG_WARN_COMMA = YES;
				CLANG_WARN_CONSTANT_CONVERSION = YES;
				CLANG_WARN_DEPRECATED_OBJC_IMPLEMENTATIONS = YES;
				CLANG_WARN_DIRECT_OBJC_ISA_USAGE = YES_ERROR;
				CLANG_WARN_DOCUMENTATION_COMMENTS = YES;
				CLANG_WARN_EMPTY_BODY = YES;
				CLANG_WARN_ENUM_CONVERSION = YES;
				CLANG_WARN_INFINITE_RECURSION = YES;
				CLANG_WARN_INT_CONVERSION = YES;
				CLANG_WARN_NON_LITERAL_NULL_CONVERSION = YES;
				CLANG_WARN_OBJC_IMPLICIT_RETAIN_SELF = YES;
				CLANG_WARN_OBJC_LITERAL_CONVERSION = YES;
				CLANG_WARN_OBJC_ROOT_CLASS = YES_ERROR;
				CLANG_WARN_RANGE_LOOP_ANALYSIS = YES;
				CLANG_WARN_STRICT_PROTOTYPES = YES;
				CLANG_WARN_SUSPICIOUS_MOVE = YES;
				CLANG_WARN_UNGUARDED_AVAILABILITY = YES_AGGRESSIVE;
				CLANG_WARN_UNREACHABLE_CODE = YES;
				CLANG_WARN__DUPLICATE_METHOD_MATCH = YES;
				COPY_PHASE_STRIP = NO;
				DEBUG_INFORMATION_FORMAT = "dwarf-with-dsym";
				ENABLE_NS_ASSERTIONS = NO;
				ENABLE_STRICT_OBJC_MSGSEND = YES;
				GCC_C_LANGUAGE_STANDARD = gnu11;
				GCC_NO_COMMON_BLOCKS = YES;
				GCC_WARN_64_TO_32_BIT_CONVERSION = YES;
				GCC_WARN_ABOUT_RETURN_TYPE = YES_ERROR;
				GCC_WARN_UNDECLARED_SELECTOR = YES;
				GCC_WARN_UNINITIALIZED_AUTOS = YES_AGGRESSIVE;
				GCC_WARN_UNUSED_FUNCTION = YES;
				GCC_WARN_UNUSED_VARIABLE = YES;
				MACOSX_DEPLOYMENT_TARGET = 10.14;
				MTL_ENABLE_DEBUG_INFO = NO;
				MTL_FAST_MATH = YES;
				SDKROOT = macosx;
			};
			name = Release;
		};
		DACC14812551622000D13D04 /* Debug */ = {
			isa = XCBuildConfiguration;
			buildSettings = {
				ASSETCATALOG_COMPILER_APPICON_NAME = AppIcon;
				CODE_SIGN_ENTITLEMENTS = OpenGLTest/OpenGLTest.entitlements;
				CODE_SIGN_STYLE = Automatic;
				COMBINE_HIDPI_IMAGES = YES;
				HEADER_SEARCH_PATHS = (
					/usr/local/Cellar/glfw/3.3.2/include,
					/usr/local/include,
				);
				INFOPLIST_FILE = OpenGLTest/Info.plist;
				LD_RUNPATH_SEARCH_PATHS = (
					"$(inherited)",
					"@executable_path/../Frameworks",
				);
				LIBRARY_SEARCH_PATHS = (
					"$(inherited)",
					/usr/local/Cellar/glfw/3.3.2/lib,
				);
				MACOSX_DEPLOYMENT_TARGET = 10.10;
				PRODUCT_BUNDLE_IDENTIFIER = com.Ljtong.LenzBusiness.OpenGLTest;
				PRODUCT_NAME = "$(TARGET_NAME)";
			};
			name = Debug;
		};
		DACC14822551622000D13D04 /* Release */ = {
			isa = XCBuildConfiguration;
			buildSettings = {
				ASSETCATALOG_COMPILER_APPICON_NAME = AppIcon;
				CODE_SIGN_ENTITLEMENTS = OpenGLTest/OpenGLTest.entitlements;
				CODE_SIGN_STYLE = Automatic;
				COMBINE_HIDPI_IMAGES = YES;
				HEADER_SEARCH_PATHS = (
					/usr/local/Cellar/glfw/3.3.2/include,
					/usr/local/include,
				);
				INFOPLIST_FILE = OpenGLTest/Info.plist;
				LD_RUNPATH_SEARCH_PATHS = (
					"$(inherited)",
					"@executable_path/../Frameworks",
				);
				LIBRARY_SEARCH_PATHS = (
					"$(inherited)",
					/usr/local/Cellar/glfw/3.3.2/lib,
				);
				MACOSX_DEPLOYMENT_TARGET = 10.10;
				PRODUCT_BUNDLE_IDENTIFIER = com.Ljtong.LenzBusiness.OpenGLTest;
				PRODUCT_NAME = "$(TARGET_NAME)";
			};
			name = Release;
		};
/* End XCBuildConfiguration section */

/* Begin XCConfigurationList section */
		DACC14672551621E00D13D04 /* Build configuration list for PBXProject "OpenGLTest" */ = {
			isa = XCConfigurationList;
			buildConfigurations = (
				DACC147E2551622000D13D04 /* Debug */,
				DACC147F2551622000D13D04 /* Release */,
			);
			defaultConfigurationIsVisible = 0;
			defaultConfigurationName = Release;
		};
		DACC14802551622000D13D04 /* Build configuration list for PBXNativeTarget "OpenGLTest" */ = {
			isa = XCConfigurationList;
			buildConfigurations = (
				DACC14812551622000D13D04 /* Debug */,
				DACC14822551622000D13D04 /* Release */,
			);
			defaultConfigurationIsVisible = 0;
			defaultConfigurationName = Release;
		};
/* End XCConfigurationList section */
	};
	rootObject = DACC14642551621E00D13D04 /* Project object */;
}
